// !$*UTF8*$!
{
	archiveVersion = 1;
	classes = {
	};
	objectVersion = 48;
	objects = {

/* Begin PBXBuildFile section */
		9824A6252047AEA300543788 /* AppDelegate.swift in Sources */ = {isa = PBXBuildFile; fileRef = 9824A6242047AEA300543788 /* AppDelegate.swift */; };
		9824A6272047AEA300543788 /* ViewController.swift in Sources */ = {isa = PBXBuildFile; fileRef = 9824A6262047AEA300543788 /* ViewController.swift */; };
		9824A62A2047AEA300543788 /* Main.storyboard in Resources */ = {isa = PBXBuildFile; fileRef = 9824A6282047AEA300543788 /* Main.storyboard */; };
		9824A62C2047AEA300543788 /* Assets.xcassets in Resources */ = {isa = PBXBuildFile; fileRef = 9824A62B2047AEA300543788 /* Assets.xcassets */; };
		9824A62F2047AEA300543788 /* LaunchScreen.storyboard in Resources */ = {isa = PBXBuildFile; fileRef = 9824A62D2047AEA300543788 /* LaunchScreen.storyboard */; };
		9824A6382047AF8D00543788 /* Profile.swift in Sources */ = {isa = PBXBuildFile; fileRef = 9824A6372047AF8D00543788 /* Profile.swift */; };
		9824A63A2047AFA300543788 /* Friend.swift in Sources */ = {isa = PBXBuildFile; fileRef = 9824A6392047AFA300543788 /* Friend.swift */; };
		9824A63C2047AFB600543788 /* Attribute.swift in Sources */ = {isa = PBXBuildFile; fileRef = 9824A63B2047AFB600543788 /* Attribute.swift */; };
		9824A63F2047B00500543788 /* ServerRequestManager.swift in Sources */ = {isa = PBXBuildFile; fileRef = 9824A63E2047B00500543788 /* ServerRequestManager.swift */; };
		98702982204BFAD4006AFF8C /* ProfileViewModelItem.swift in Sources */ = {isa = PBXBuildFile; fileRef = 98702981204BFAD4006AFF8C /* ProfileViewModelItem.swift */; };
		98702984204C005F006AFF8C /* ProfileViewModel.swift in Sources */ = {isa = PBXBuildFile; fileRef = 98702983204C005F006AFF8C /* ProfileViewModel.swift */; };
		98702986204C0174006AFF8C /* ProfilePresenter.swift in Sources */ = {isa = PBXBuildFile; fileRef = 98702985204C0174006AFF8C /* ProfilePresenter.swift */; };
		9871B334204AEC5F00DB6561 /* FriendsItem.swift in Sources */ = {isa = PBXBuildFile; fileRef = 9871B333204AEC5F00DB6561 /* FriendsItem.swift */; };
		9871B336204AEC7F00DB6561 /* AttributeItem.swift in Sources */ = {isa = PBXBuildFile; fileRef = 9871B335204AEC7F00DB6561 /* AttributeItem.swift */; };
		9871B338204AEC9F00DB6561 /* EmailItem.swift in Sources */ = {isa = PBXBuildFile; fileRef = 9871B337204AEC9F00DB6561 /* EmailItem.swift */; };
		9871B33A204AECB800DB6561 /* AboutItem.swift in Sources */ = {isa = PBXBuildFile; fileRef = 9871B339204AECB800DB6561 /* AboutItem.swift */; };
		9871B33C204AECCE00DB6561 /* NamePictureItem.swift in Sources */ = {isa = PBXBuildFile; fileRef = 9871B33B204AECCE00DB6561 /* NamePictureItem.swift */; };
		9871B341204AED8A00DB6561 /* NamePictureCell.swift in Sources */ = {isa = PBXBuildFile; fileRef = 9871B33F204AED8A00DB6561 /* NamePictureCell.swift */; };
		9871B342204AED8A00DB6561 /* NamePictureCell.xib in Resources */ = {isa = PBXBuildFile; fileRef = 9871B340204AED8A00DB6561 /* NamePictureCell.xib */; };
		9871B345204AEDCF00DB6561 /* EmailCell.swift in Sources */ = {isa = PBXBuildFile; fileRef = 9871B343204AEDCF00DB6561 /* EmailCell.swift */; };
		9871B346204AEDCF00DB6561 /* EmailCell.xib in Resources */ = {isa = PBXBuildFile; fileRef = 9871B344204AEDCF00DB6561 /* EmailCell.xib */; };
		9871B349204AEE0400DB6561 /* AttributeCell.swift in Sources */ = {isa = PBXBuildFile; fileRef = 9871B347204AEE0400DB6561 /* AttributeCell.swift */; };
		9871B34A204AEE0400DB6561 /* AttributeCell.xib in Resources */ = {isa = PBXBuildFile; fileRef = 9871B348204AEE0400DB6561 /* AttributeCell.xib */; };
		9871B34D204AEE1F00DB6561 /* FriendCell.swift in Sources */ = {isa = PBXBuildFile; fileRef = 9871B34B204AEE1F00DB6561 /* FriendCell.swift */; };
		9871B34E204AEE1F00DB6561 /* FriendCell.xib in Resources */ = {isa = PBXBuildFile; fileRef = 9871B34C204AEE1F00DB6561 /* FriendCell.xib */; };
		9871B351204AEE2F00DB6561 /* AboutCell.swift in Sources */ = {isa = PBXBuildFile; fileRef = 9871B34F204AEE2F00DB6561 /* AboutCell.swift */; };
		9871B352204AEE2F00DB6561 /* AboutCell.xib in Resources */ = {isa = PBXBuildFile; fileRef = 9871B350204AEE2F00DB6561 /* AboutCell.xib */; };
		9871B354204AF56000DB6561 /* ServerData.json in Resources */ = {isa = PBXBuildFile; fileRef = 9871B353204AF56000DB6561 /* ServerData.json */; };
/* End PBXBuildFile section */

/* Begin PBXFileReference section */
		9824A6212047AEA300543788 /* TableViewExample.app */ = {isa = PBXFileReference; explicitFileType = wrapper.application; includeInIndex = 0; path = TableViewExample.app; sourceTree = BUILT_PRODUCTS_DIR; };
		9824A6242047AEA300543788 /* AppDelegate.swift */ = {isa = PBXFileReference; lastKnownFileType = sourcecode.swift; path = AppDelegate.swift; sourceTree = "<group>"; };
		9824A6262047AEA300543788 /* ViewController.swift */ = {isa = PBXFileReference; lastKnownFileType = sourcecode.swift; path = ViewController.swift; sourceTree = "<group>"; };
		9824A6292047AEA300543788 /* Base */ = {isa = PBXFileReference; lastKnownFileType = file.storyboard; name = Base; path = Base.lproj/Main.storyboard; sourceTree = "<group>"; };
		9824A62B2047AEA300543788 /* Assets.xcassets */ = {isa = PBXFileReference; lastKnownFileType = folder.assetcatalog; path = Assets.xcassets; sourceTree = "<group>"; };
		9824A62E2047AEA300543788 /* Base */ = {isa = PBXFileReference; lastKnownFileType = file.storyboard; name = Base; path = Base.lproj/LaunchScreen.storyboard; sourceTree = "<group>"; };
		9824A6302047AEA300543788 /* Info.plist */ = {isa = PBXFileReference; lastKnownFileType = text.plist.xml; path = Info.plist; sourceTree = "<group>"; };
		9824A6372047AF8D00543788 /* Profile.swift */ = {isa = PBXFileReference; lastKnownFileType = sourcecode.swift; path = Profile.swift; sourceTree = "<group>"; };
		9824A6392047AFA300543788 /* Friend.swift */ = {isa = PBXFileReference; lastKnownFileType = sourcecode.swift; path = Friend.swift; sourceTree = "<group>"; };
		9824A63B2047AFB600543788 /* Attribute.swift */ = {isa = PBXFileReference; lastKnownFileType = sourcecode.swift; path = Attribute.swift; sourceTree = "<group>"; };
		9824A63E2047B00500543788 /* ServerRequestManager.swift */ = {isa = PBXFileReference; lastKnownFileType = sourcecode.swift; path = ServerRequestManager.swift; sourceTree = "<group>"; };
		98702981204BFAD4006AFF8C /* ProfileViewModelItem.swift */ = {isa = PBXFileReference; lastKnownFileType = sourcecode.swift; path = ProfileViewModelItem.swift; sourceTree = "<group>"; };
		98702983204C005F006AFF8C /* ProfileViewModel.swift */ = {isa = PBXFileReference; lastKnownFileType = sourcecode.swift; path = ProfileViewModel.swift; sourceTree = "<group>"; };
		98702985204C0174006AFF8C /* ProfilePresenter.swift */ = {isa = PBXFileReference; lastKnownFileType = sourcecode.swift; path = ProfilePresenter.swift; sourceTree = "<group>"; };
		9871B333204AEC5F00DB6561 /* FriendsItem.swift */ = {isa = PBXFileReference; lastKnownFileType = sourcecode.swift; path = FriendsItem.swift; sourceTree = "<group>"; };
		9871B335204AEC7F00DB6561 /* AttributeItem.swift */ = {isa = PBXFileReference; lastKnownFileType = sourcecode.swift; path = AttributeItem.swift; sourceTree = "<group>"; };
		9871B337204AEC9F00DB6561 /* EmailItem.swift */ = {isa = PBXFileReference; lastKnownFileType = sourcecode.swift; path = EmailItem.swift; sourceTree = "<group>"; };
		9871B339204AECB800DB6561 /* AboutItem.swift */ = {isa = PBXFileReference; lastKnownFileType = sourcecode.swift; path = AboutItem.swift; sourceTree = "<group>"; };
		9871B33B204AECCE00DB6561 /* NamePictureItem.swift */ = {isa = PBXFileReference; lastKnownFileType = sourcecode.swift; path = NamePictureItem.swift; sourceTree = "<group>"; };
		9871B33F204AED8A00DB6561 /* NamePictureCell.swift */ = {isa = PBXFileReference; lastKnownFileType = sourcecode.swift; path = NamePictureCell.swift; sourceTree = "<group>"; };
		9871B340204AED8A00DB6561 /* NamePictureCell.xib */ = {isa = PBXFileReference; lastKnownFileType = file.xib; path = NamePictureCell.xib; sourceTree = "<group>"; };
		9871B343204AEDCF00DB6561 /* EmailCell.swift */ = {isa = PBXFileReference; lastKnownFileType = sourcecode.swift; path = EmailCell.swift; sourceTree = "<group>"; };
		9871B344204AEDCF00DB6561 /* EmailCell.xib */ = {isa = PBXFileReference; lastKnownFileType = file.xib; path = EmailCell.xib; sourceTree = "<group>"; };
		9871B347204AEE0400DB6561 /* AttributeCell.swift */ = {isa = PBXFileReference; lastKnownFileType = sourcecode.swift; path = AttributeCell.swift; sourceTree = "<group>"; };
		9871B348204AEE0400DB6561 /* AttributeCell.xib */ = {isa = PBXFileReference; lastKnownFileType = file.xib; path = AttributeCell.xib; sourceTree = "<group>"; };
		9871B34B204AEE1F00DB6561 /* FriendCell.swift */ = {isa = PBXFileReference; lastKnownFileType = sourcecode.swift; path = FriendCell.swift; sourceTree = "<group>"; };
		9871B34C204AEE1F00DB6561 /* FriendCell.xib */ = {isa = PBXFileReference; lastKnownFileType = file.xib; path = FriendCell.xib; sourceTree = "<group>"; };
		9871B34F204AEE2F00DB6561 /* AboutCell.swift */ = {isa = PBXFileReference; lastKnownFileType = sourcecode.swift; path = AboutCell.swift; sourceTree = "<group>"; };
		9871B350204AEE2F00DB6561 /* AboutCell.xib */ = {isa = PBXFileReference; lastKnownFileType = file.xib; path = AboutCell.xib; sourceTree = "<group>"; };
		9871B353204AF56000DB6561 /* ServerData.json */ = {isa = PBXFileReference; fileEncoding = 4; lastKnownFileType = text.json; path = ServerData.json; sourceTree = "<group>"; };
/* End PBXFileReference section */

/* Begin PBXFrameworksBuildPhase section */
		9824A61E2047AEA300543788 /* Frameworks */ = {
			isa = PBXFrameworksBuildPhase;
			buildActionMask = 2147483647;
			files = (
			);
			runOnlyForDeploymentPostprocessing = 0;
		};
/* End PBXFrameworksBuildPhase section */

/* Begin PBXGroup section */
		9824A6182047AEA300543788 = {
			isa = PBXGroup;
			children = (
				9824A6232047AEA300543788 /* TableViewExample */,
				9824A6222047AEA300543788 /* Products */,
			);
			sourceTree = "<group>";
		};
		9824A6222047AEA300543788 /* Products */ = {
			isa = PBXGroup;
			children = (
				9824A6212047AEA300543788 /* TableViewExample.app */,
			);
			name = Products;
			sourceTree = "<group>";
		};
		9824A6232047AEA300543788 /* TableViewExample */ = {
			isa = PBXGroup;
			children = (
				98702987204C0248006AFF8C /* DetailProfile */,
				9824A63D2047AFF300543788 /* Server */,
				9824A6242047AEA300543788 /* AppDelegate.swift */,
				9824A62B2047AEA300543788 /* Assets.xcassets */,
				9824A62D2047AEA300543788 /* LaunchScreen.storyboard */,
				9824A6302047AEA300543788 /* Info.plist */,
			);
			path = TableViewExample;
			sourceTree = "<group>";
		};
		9824A6362047AF7900543788 /* Model */ = {
			isa = PBXGroup;
			children = (
				9824A6372047AF8D00543788 /* Profile.swift */,
				9824A6392047AFA300543788 /* Friend.swift */,
				9824A63B2047AFB600543788 /* Attribute.swift */,
			);
			path = Model;
			sourceTree = "<group>";
		};
		9824A63D2047AFF300543788 /* Server */ = {
			isa = PBXGroup;
			children = (
				9824A63E2047B00500543788 /* ServerRequestManager.swift */,
			);
			path = Server;
			sourceTree = "<group>";
		};
		98702987204C0248006AFF8C /* DetailProfile */ = {
			isa = PBXGroup;
			children = (
				9870298A204C0274006AFF8C /* Presenter */,
				98702989204C026E006AFF8C /* ViewModel */,
				98702988204C0268006AFF8C /* View */,
				9824A6362047AF7900543788 /* Model */,
			);
			path = DetailProfile;
			sourceTree = "<group>";
		};
		98702988204C0268006AFF8C /* View */ = {
			isa = PBXGroup;
			children = (
				9824A6262047AEA300543788 /* ViewController.swift */,
				9824A6282047AEA300543788 /* Main.storyboard */,
				9871B33F204AED8A00DB6561 /* NamePictureCell.swift */,
				9871B340204AED8A00DB6561 /* NamePictureCell.xib */,
				9871B343204AEDCF00DB6561 /* EmailCell.swift */,
				9871B344204AEDCF00DB6561 /* EmailCell.xib */,
				9871B347204AEE0400DB6561 /* AttributeCell.swift */,
				9871B348204AEE0400DB6561 /* AttributeCell.xib */,
				9871B34B204AEE1F00DB6561 /* FriendCell.swift */,
				9871B34C204AEE1F00DB6561 /* FriendCell.xib */,
				9871B34F204AEE2F00DB6561 /* AboutCell.swift */,
				9871B350204AEE2F00DB6561 /* AboutCell.xib */,
			);
			path = View;
			sourceTree = "<group>";
		};
		98702989204C026E006AFF8C /* ViewModel */ = {
			isa = PBXGroup;
			children = (
				9871B333204AEC5F00DB6561 /* FriendsItem.swift */,
				9871B335204AEC7F00DB6561 /* AttributeItem.swift */,
				9871B337204AEC9F00DB6561 /* EmailItem.swift */,
				9871B339204AECB800DB6561 /* AboutItem.swift */,
				9871B33B204AECCE00DB6561 /* NamePictureItem.swift */,
				98702981204BFAD4006AFF8C /* ProfileViewModelItem.swift */,
				98702983204C005F006AFF8C /* ProfileViewModel.swift */,
			);
			path = ViewModel;
			sourceTree = "<group>";
		};
		9870298A204C0274006AFF8C /* Presenter */ = {
			isa = PBXGroup;
			children = (
				98702985204C0174006AFF8C /* ProfilePresenter.swift */,
				9871B353204AF56000DB6561 /* ServerData.json */,
			);
			path = Presenter;
			sourceTree = "<group>";
		};
/* End PBXGroup section */

/* Begin PBXNativeTarget section */
		9824A6202047AEA300543788 /* TableViewExample */ = {
			isa = PBXNativeTarget;
			buildConfigurationList = 9824A6332047AEA300543788 /* Build configuration list for PBXNativeTarget "TableViewExample" */;
			buildPhases = (
				9824A61D2047AEA300543788 /* Sources */,
				9824A61E2047AEA300543788 /* Frameworks */,
				9824A61F2047AEA300543788 /* Resources */,
			);
			buildRules = (
			);
			dependencies = (
			);
			name = TableViewExample;
			productName = TableViewExample;
			productReference = 9824A6212047AEA300543788 /* TableViewExample.app */;
			productType = "com.apple.product-type.application";
		};
/* End PBXNativeTarget section */

/* Begin PBXProject section */
		9824A6192047AEA300543788 /* Project object */ = {
			isa = PBXProject;
			attributes = {
				LastSwiftUpdateCheck = 0920;
				LastUpgradeCheck = 0920;
				ORGANIZATIONNAME = Wisnu;
				TargetAttributes = {
					9824A6202047AEA300543788 = {
						CreatedOnToolsVersion = 9.2;
						ProvisioningStyle = Automatic;
					};
				};
			};
			buildConfigurationList = 9824A61C2047AEA300543788 /* Build configuration list for PBXProject "TableViewExample" */;
			compatibilityVersion = "Xcode 8.0";
			developmentRegion = en;
			hasScannedForEncodings = 0;
			knownRegions = (
				en,
				Base,
			);
			mainGroup = 9824A6182047AEA300543788;
			productRefGroup = 9824A6222047AEA300543788 /* Products */;
			projectDirPath = "";
			projectRoot = "";
			targets = (
				9824A6202047AEA300543788 /* TableViewExample */,
			);
		};
/* End PBXProject section */

/* Begin PBXResourcesBuildPhase section */
		9824A61F2047AEA300543788 /* Resources */ = {
			isa = PBXResourcesBuildPhase;
			buildActionMask = 2147483647;
			files = (
				9824A62F2047AEA300543788 /* LaunchScreen.storyboard in Resources */,
				9871B354204AF56000DB6561 /* ServerData.json in Resources */,
				9871B352204AEE2F00DB6561 /* AboutCell.xib in Resources */,
				9871B346204AEDCF00DB6561 /* EmailCell.xib in Resources */,
				9871B34A204AEE0400DB6561 /* AttributeCell.xib in Resources */,
				9871B34E204AEE1F00DB6561 /* FriendCell.xib in Resources */,
				9871B342204AED8A00DB6561 /* NamePictureCell.xib in Resources */,
				9824A62C2047AEA300543788 /* Assets.xcassets in Resources */,
				9824A62A2047AEA300543788 /* Main.storyboard in Resources */,
			);
			runOnlyForDeploymentPostprocessing = 0;
		};
/* End PBXResourcesBuildPhase section */

/* Begin PBXSourcesBuildPhase section */
		9824A61D2047AEA300543788 /* Sources */ = {
			isa = PBXSourcesBuildPhase;
			buildActionMask = 2147483647;
			files = (
				9871B334204AEC5F00DB6561 /* FriendsItem.swift in Sources */,
				9871B349204AEE0400DB6561 /* AttributeCell.swift in Sources */,
				9824A63F2047B00500543788 /* ServerRequestManager.swift in Sources */,
				9871B33A204AECB800DB6561 /* AboutItem.swift in Sources */,
				9824A63C2047AFB600543788 /* Attribute.swift in Sources */,
				9871B33C204AECCE00DB6561 /* NamePictureItem.swift in Sources */,
				9824A6272047AEA300543788 /* ViewController.swift in Sources */,
				9871B341204AED8A00DB6561 /* NamePictureCell.swift in Sources */,
				98702982204BFAD4006AFF8C /* ProfileViewModelItem.swift in Sources */,
				9824A6382047AF8D00543788 /* Profile.swift in Sources */,
				9871B336204AEC7F00DB6561 /* AttributeItem.swift in Sources */,
				98702986204C0174006AFF8C /* ProfilePresenter.swift in Sources */,
				9871B351204AEE2F00DB6561 /* AboutCell.swift in Sources */,
				98702984204C005F006AFF8C /* ProfileViewModel.swift in Sources */,
				9824A6252047AEA300543788 /* AppDelegate.swift in Sources */,
				9871B338204AEC9F00DB6561 /* EmailItem.swift in Sources */,
				9871B345204AEDCF00DB6561 /* EmailCell.swift in Sources */,
				9824A63A2047AFA300543788 /* Friend.swift in Sources */,
				9871B34D204AEE1F00DB6561 /* FriendCell.swift in Sources */,
			);
			runOnlyForDeploymentPostprocessing = 0;
		};
/* End PBXSourcesBuildPhase section */

/* Begin PBXVariantGroup section */
		9824A6282047AEA300543788 /* Main.storyboard */ = {
			isa = PBXVariantGroup;
			children = (
				9824A6292047AEA300543788 /* Base */,
			);
			name = Main.storyboard;
			sourceTree = "<group>";
		};
		9824A62D2047AEA300543788 /* LaunchScreen.storyboard */ = {
			isa = PBXVariantGroup;
			children = (
				9824A62E2047AEA300543788 /* Base */,
			);
			name = LaunchScreen.storyboard;
			sourceTree = "<group>";
		};
/* End PBXVariantGroup section */

/* Begin XCBuildConfiguration section */
		9824A6312047AEA300543788 /* Debug */ = {
			isa = XCBuildConfiguration;
			buildSettings = {
				ALWAYS_SEARCH_USER_PATHS = NO;
				CLANG_ANALYZER_NONNULL = YES;
				CLANG_ANALYZER_NUMBER_OBJECT_CONVERSION = YES_AGGRESSIVE;
				CLANG_CXX_LANGUAGE_STANDARD = "gnu++14";
				CLANG_CXX_LIBRARY = "libc++";
				CLANG_ENABLE_MODULES = YES;
				CLANG_ENABLE_OBJC_ARC = YES;
				CLANG_WARN_BLOCK_CAPTURE_AUTORELEASING = YES;
				CLANG_WARN_BOOL_CONVERSION = YES;
				CLANG_WARN_COMMA = YES;
				CLANG_WARN_CONSTANT_CONVERSION = YES;
				CLANG_WARN_DIRECT_OBJC_ISA_USAGE = YES_ERROR;
				CLANG_WARN_DOCUMENTATION_COMMENTS = YES;
				CLANG_WARN_EMPTY_BODY = YES;
				CLANG_WARN_ENUM_CONVERSION = YES;
				CLANG_WARN_INFINITE_RECURSION = YES;
				CLANG_WARN_INT_CONVERSION = YES;
				CLANG_WARN_NON_LITERAL_NULL_CONVERSION = YES;
				CLANG_WARN_OBJC_LITERAL_CONVERSION = YES;
				CLANG_WARN_OBJC_ROOT_CLASS = YES_ERROR;
				CLANG_WARN_RANGE_LOOP_ANALYSIS = YES;
				CLANG_WARN_STRICT_PROTOTYPES = YES;
				CLANG_WARN_SUSPICIOUS_MOVE = YES;
				CLANG_WARN_UNGUARDED_AVAILABILITY = YES_AGGRESSIVE;
				CLANG_WARN_UNREACHABLE_CODE = YES;
				CLANG_WARN__DUPLICATE_METHOD_MATCH = YES;
				CODE_SIGN_IDENTITY = "iPhone Developer";
				COPY_PHASE_STRIP = NO;
				DEBUG_INFORMATION_FORMAT = dwarf;
				ENABLE_STRICT_OBJC_MSGSEND = YES;
				ENABLE_TESTABILITY = YES;
				GCC_C_LANGUAGE_STANDARD = gnu11;
				GCC_DYNAMIC_NO_PIC = NO;
				GCC_NO_COMMON_BLOCKS = YES;
				GCC_OPTIMIZATION_LEVEL = 0;
				GCC_PREPROCESSOR_DEFINITIONS = (
					"DEBUG=1",
					"$(inherited)",
				);
				GCC_WARN_64_TO_32_BIT_CONVERSION = YES;
				GCC_WARN_ABOUT_RETURN_TYPE = YES_ERROR;
				GCC_WARN_UNDECLARED_SELECTOR = YES;
				GCC_WARN_UNINITIALIZED_AUTOS = YES_AGGRESSIVE;
				GCC_WARN_UNUSED_FUNCTION = YES;
				GCC_WARN_UNUSED_VARIABLE = YES;
				IPHONEOS_DEPLOYMENT_TARGET = 11.2;
				MTL_ENABLE_DEBUG_INFO = YES;
				ONLY_ACTIVE_ARCH = YES;
				SDKROOT = iphoneos;
				SWIFT_ACTIVE_COMPILATION_CONDITIONS = DEBUG;
				SWIFT_OPTIMIZATION_LEVEL = "-Onone";
			};
			name = Debug;
		};
		9824A6322047AEA300543788 /* Release */ = {
			isa = XCBuildConfiguration;
			buildSettings = {
				ALWAYS_SEARCH_USER_PATHS = NO;
				CLANG_ANALYZER_NONNULL = YES;
				CLANG_ANALYZER_NUMBER_OBJECT_CONVERSION = YES_AGGRESSIVE;
				CLANG_CXX_LANGUAGE_STANDARD = "gnu++14";
				CLANG_CXX_LIBRARY = "libc++";
				CLANG_ENABLE_MODULES = YES;
				CLANG_ENABLE_OBJC_ARC = YES;
				CLANG_WARN_BLOCK_CAPTURE_AUTORELEASING = YES;
				CLANG_WARN_BOOL_CONVERSION = YES;
				CLANG_WARN_COMMA = YES;
				CLANG_WARN_CONSTANT_CONVERSION = YES;
				CLANG_WARN_DIRECT_OBJC_ISA_USAGE = YES_ERROR;
				CLANG_WARN_DOCUMENTATION_COMMENTS = YES;
				CLANG_WARN_EMPTY_BODY = YES;
				CLANG_WARN_ENUM_CONVERSION = YES;
				CLANG_WARN_INFINITE_RECURSION = YES;
				CLANG_WARN_INT_CONVERSION = YES;
				CLANG_WARN_NON_LITERAL_NULL_CONVERSION = YES;
				CLANG_WARN_OBJC_LITERAL_CONVERSION = YES;
				CLANG_WARN_OBJC_ROOT_CLASS = YES_ERROR;
				CLANG_WARN_RANGE_LOOP_ANALYSIS = YES;
				CLANG_WARN_STRICT_PROTOTYPES = YES;
				CLANG_WARN_SUSPICIOUS_MOVE = YES;
				CLANG_WARN_UNGUARDED_AVAILABILITY = YES_AGGRESSIVE;
				CLANG_WARN_UNREACHABLE_CODE = YES;
				CLANG_WARN__DUPLICATE_METHOD_MATCH = YES;
				CODE_SIGN_IDENTITY = "iPhone Developer";
				COPY_PHASE_STRIP = NO;
				DEBUG_INFORMATION_FORMAT = "dwarf-with-dsym";
				ENABLE_NS_ASSERTIONS = NO;
				ENABLE_STRICT_OBJC_MSGSEND = YES;
				GCC_C_LANGUAGE_STANDARD = gnu11;
				GCC_NO_COMMON_BLOCKS = YES;
				GCC_WARN_64_TO_32_BIT_CONVERSION = YES;
				GCC_WARN_ABOUT_RETURN_TYPE = YES_ERROR;
				GCC_WARN_UNDECLARED_SELECTOR = YES;
				GCC_WARN_UNINITIALIZED_AUTOS = YES_AGGRESSIVE;
				GCC_WARN_UNUSED_FUNCTION = YES;
				GCC_WARN_UNUSED_VARIABLE = YES;
				IPHONEOS_DEPLOYMENT_TARGET = 11.2;
				MTL_ENABLE_DEBUG_INFO = NO;
				SDKROOT = iphoneos;
				SWIFT_OPTIMIZATION_LEVEL = "-Owholemodule";
				VALIDATE_PRODUCT = YES;
			};
			name = Release;
		};
		9824A6342047AEA300543788 /* Debug */ = {
			isa = XCBuildConfiguration;
			buildSettings = {
				ASSETCATALOG_COMPILER_APPICON_NAME = AppIcon;
				CODE_SIGN_STYLE = Automatic;
				INFOPLIST_FILE = TableViewExample/Info.plist;
				LD_RUNPATH_SEARCH_PATHS = "$(inherited) @executable_path/Frameworks";
				PRODUCT_BUNDLE_IDENTIFIER = com.wisnu.TableViewExample;
				PRODUCT_NAME = "$(TARGET_NAME)";
				SWIFT_VERSION = 4.0;
				TARGETED_DEVICE_FAMILY = "1,2";
			};
			name = Debug;
		};
		9824A6352047AEA300543788 /* Release */ = {
			isa = XCBuildConfiguration;
			buildSettings = {
				ASSETCATALOG_COMPILER_APPICON_NAME = AppIcon;
				CODE_SIGN_STYLE = Automatic;
				INFOPLIST_FILE = TableViewExample/Info.plist;
				LD_RUNPATH_SEARCH_PATHS = "$(inherited) @executable_path/Frameworks";
				PRODUCT_BUNDLE_IDENTIFIER = com.wisnu.TableViewExample;
				PRODUCT_NAME = "$(TARGET_NAME)";
				SWIFT_VERSION = 4.0;
				TARGETED_DEVICE_FAMILY = "1,2";
			};
			name = Release;
		};
/* End XCBuildConfiguration section */

/* Begin XCConfigurationList section */
		9824A61C2047AEA300543788 /* Build configuration list for PBXProject "TableViewExample" */ = {
			isa = XCConfigurationList;
			buildConfigurations = (
				9824A6312047AEA300543788 /* Debug */,
				9824A6322047AEA300543788 /* Release */,
			);
			defaultConfigurationIsVisible = 0;
			defaultConfigurationName = Release;
		};
		9824A6332047AEA300543788 /* Build configuration list for PBXNativeTarget "TableViewExample" */ = {
			isa = XCConfigurationList;
			buildConfigurations = (
				9824A6342047AEA300543788 /* Debug */,
				9824A6352047AEA300543788 /* Release */,
			);
			defaultConfigurationIsVisible = 0;
			defaultConfigurationName = Release;
		};
/* End XCConfigurationList section */
	};
	rootObject = 9824A6192047AEA300543788 /* Project object */;
}
